
Microsoft Visual Studio Solution File, Format Version 12.00
# Visual Studio Version 17
VisualStudioVersion = 17.0.31903.59
MinimumVisualStudioVersion = 10.0.40219.1
Project("{2150E333-8FDC-42A3-9474-1A3956D46DE8}") = "src", "src", "{827E0CD3-B72D-47B6-A68D-7590B98EB39B}"
EndProject
Project("{FAE04EC0-301F-11D3-BF4B-00C04F79EFBC}") = "EMMA.Domain", "src\EMMA.Domain\EMMA.Domain.csproj", "{6294C228-E2D1-4BFE-AC21-2B72B284A5B6}"
EndProject
Project("{FAE04EC0-301F-11D3-BF4B-00C04F79EFBC}") = "EMMA.Application", "src\EMMA.Application\EMMA.Application.csproj", "{AB68EC92-0F1F-4027-AEB5-A1033612346A}"
EndProject
Project("{FAE04EC0-301F-11D3-BF4B-00C04F79EFBC}") = "EMMA.Contracts", "src\EMMA.Contracts\EMMA.Contracts.csproj", "{AF18019C-851C-4D2E-8734-A20AD492BDA5}"
EndProject
Project("{FAE04EC0-301F-11D3-BF4B-00C04F79EFBC}") = "EMMA.Infrastructure", "src\EMMA.Infrastructure\EMMA.Infrastructure.csproj", "{3465A40B-A1CF-45BE-AF17-03432D89E901}"
EndProject
Project("{FAE04EC0-301F-11D3-BF4B-00C04F79EFBC}") = "EMMA.Storage", "src\EMMA.Storage\EMMA.Storage.csproj", "{7C2D2D8B-7F3F-4D70-88D7-2D9A2C6B1E58}"
EndProject
Project("{FAE04EC0-301F-11D3-BF4B-00C04F79EFBC}") = "EMMA.Bootstrap", "src\EMMA.Bootstrap\EMMA.Bootstrap.csproj", "{26EDEF62-710A-446C-8879-0DFA0CBDE2F9}"
EndProject
Project("{FAE04EC0-301F-11D3-BF4B-00C04F79EFBC}") = "EMMA.Cli", "src\EMMA.Cli\EMMA.Cli.csproj", "{F97820B5-B939-4409-8669-2F2C2413AEF1}"
EndProject
Project("{FAE04EC0-301F-11D3-BF4B-00C04F79EFBC}") = "EMMA.PluginHost", "src\EMMA.PluginHost\EMMA.PluginHost.csproj", "{5D4DAA5F-3ED2-4FC2-A93D-2F5D9CB2E6A4}"
EndProject
Project("{FAE04EC0-301F-11D3-BF4B-00C04F79EFBC}") = "EMMA.Api", "src\EMMA.Api\EMMA.Api.csproj", "{A9F3C6D2-5A11-4C47-8C18-2ED5B2A4F2A0}"
EndProject
Project("{FAE04EC0-301F-11D3-BF4B-00C04F79EFBC}") = "EMMA.ApiHost", "src\EMMA.ApiHost\EMMA.ApiHost.csproj", "{1C2E2D5A-8B14-4B88-8D7F-56E1B8A1D4F3}"
EndProject
Project("{FAE04EC0-301F-11D3-BF4B-00C04F79EFBC}") = "EMMA.Native", "src\EMMA.Native\EMMA.Native.csproj", "{C6C4E1B6-1234-4D7B-9C77-6A4A1F9E3C42}"
EndProject
Project("{2150E333-8FDC-42A3-9474-1A3956D46DE8}") = "tests", "tests", "{0AB3BF05-4346-4AA6-1389-037BE0695223}"
EndProject
Project("{FAE04EC0-301F-11D3-BF4B-00C04F79EFBC}") = "EMMA.Tests", "tests\EMMA.Tests\EMMA.Tests.csproj", "{E7172412-34EB-4AE2-95B6-59EF54B368D0}"
EndProject
Project("{FAE04EC0-301F-11D3-BF4B-00C04F79EFBC}") = "EMMA.ApiHost.Tests", "tests\EMMA.ApiHost.Tests\EMMA.ApiHost.Tests.csproj", "{B5A2E0D1-9D1E-4E7E-8D5F-0C4EE0C2E3A9}"
EndProject
Project("{FAE04EC0-301F-11D3-BF4B-00C04F79EFBC}") = "EMMA.Plugin.AspNetCore", "src\EMMA.Plugin.AspNetCore\EMMA.Plugin.AspNetCore.csproj", "{44A3B520-9AD0-4565-AA31-F1055CFBC69B}"
EndProject
Project("{FAE04EC0-301F-11D3-BF4B-00C04F79EFBC}") = "EMMA.PluginHost.Library", "src\EMMA.PluginHost.Library\EMMA.PluginHost.Library.csproj", "{E8B5F1C3-2D4A-4E6B-9C5D-8F7A3B2E1D9A}"
EndProject
Global
	GlobalSection(SolutionConfigurationPlatforms) = preSolution
		Debug|Any CPU = Debug|Any CPU
		Debug|x64 = Debug|x64
		Debug|x86 = Debug|x86
		Release|Any CPU = Release|Any CPU
		Release|x64 = Release|x64
		Release|x86 = Release|x86
	EndGlobalSection
	GlobalSection(ProjectConfigurationPlatforms) = postSolution
		{6294C228-E2D1-4BFE-AC21-2B72B284A5B6}.Debug|Any CPU.ActiveCfg = Debug|Any CPU
		{6294C228-E2D1-4BFE-AC21-2B72B284A5B6}.Debug|Any CPU.Build.0 = Debug|Any CPU
		{6294C228-E2D1-4BFE-AC21-2B72B284A5B6}.Debug|x64.ActiveCfg = Debug|Any CPU
		{6294C228-E2D1-4BFE-AC21-2B72B284A5B6}.Debug|x64.Build.0 = Debug|Any CPU
		{6294C228-E2D1-4BFE-AC21-2B72B284A5B6}.Debug|x86.ActiveCfg = Debug|Any CPU
		{6294C228-E2D1-4BFE-AC21-2B72B284A5B6}.Debug|x86.Build.0 = Debug|Any CPU
		{6294C228-E2D1-4BFE-AC21-2B72B284A5B6}.Release|Any CPU.ActiveCfg = Release|Any CPU
		{6294C228-E2D1-4BFE-AC21-2B72B284A5B6}.Release|Any CPU.Build.0 = Release|Any CPU
		{6294C228-E2D1-4BFE-AC21-2B72B284A5B6}.Release|x64.ActiveCfg = Release|Any CPU
		{6294C228-E2D1-4BFE-AC21-2B72B284A5B6}.Release|x64.Build.0 = Release|Any CPU
		{6294C228-E2D1-4BFE-AC21-2B72B284A5B6}.Release|x86.ActiveCfg = Release|Any CPU
		{6294C228-E2D1-4BFE-AC21-2B72B284A5B6}.Release|x86.Build.0 = Release|Any CPU
		{AB68EC92-0F1F-4027-AEB5-A1033612346A}.Debug|Any CPU.ActiveCfg = Debug|Any CPU
		{AB68EC92-0F1F-4027-AEB5-A1033612346A}.Debug|Any CPU.Build.0 = Debug|Any CPU
		{AB68EC92-0F1F-4027-AEB5-A1033612346A}.Debug|x64.ActiveCfg = Debug|Any CPU
		{AB68EC92-0F1F-4027-AEB5-A1033612346A}.Debug|x64.Build.0 = Debug|Any CPU
		{AB68EC92-0F1F-4027-AEB5-A1033612346A}.Debug|x86.ActiveCfg = Debug|Any CPU
		{AB68EC92-0F1F-4027-AEB5-A1033612346A}.Debug|x86.Build.0 = Debug|Any CPU
		{AB68EC92-0F1F-4027-AEB5-A1033612346A}.Release|Any CPU.ActiveCfg = Release|Any CPU
		{AB68EC92-0F1F-4027-AEB5-A1033612346A}.Release|Any CPU.Build.0 = Release|Any CPU
		{AB68EC92-0F1F-4027-AEB5-A1033612346A}.Release|x64.ActiveCfg = Release|Any CPU
		{AB68EC92-0F1F-4027-AEB5-A1033612346A}.Release|x64.Build.0 = Release|Any CPU
		{AB68EC92-0F1F-4027-AEB5-A1033612346A}.Release|x86.ActiveCfg = Release|Any CPU
		{AB68EC92-0F1F-4027-AEB5-A1033612346A}.Release|x86.Build.0 = Release|Any CPU
		{AF18019C-851C-4D2E-8734-A20AD492BDA5}.Debug|Any CPU.ActiveCfg = Debug|Any CPU
		{AF18019C-851C-4D2E-8734-A20AD492BDA5}.Debug|Any CPU.Build.0 = Debug|Any CPU
		{AF18019C-851C-4D2E-8734-A20AD492BDA5}.Debug|x64.ActiveCfg = Debug|Any CPU
		{AF18019C-851C-4D2E-8734-A20AD492BDA5}.Debug|x64.Build.0 = Debug|Any CPU
		{AF18019C-851C-4D2E-8734-A20AD492BDA5}.Debug|x86.ActiveCfg = Debug|Any CPU
		{AF18019C-851C-4D2E-8734-A20AD492BDA5}.Debug|x86.Build.0 = Debug|Any CPU
		{AF18019C-851C-4D2E-8734-A20AD492BDA5}.Release|Any CPU.ActiveCfg = Release|Any CPU
		{AF18019C-851C-4D2E-8734-A20AD492BDA5}.Release|Any CPU.Build.0 = Release|Any CPU
		{AF18019C-851C-4D2E-8734-A20AD492BDA5}.Release|x64.ActiveCfg = Release|Any CPU
		{AF18019C-851C-4D2E-8734-A20AD492BDA5}.Release|x64.Build.0 = Release|Any CPU
		{AF18019C-851C-4D2E-8734-A20AD492BDA5}.Release|x86.ActiveCfg = Release|Any CPU
		{AF18019C-851C-4D2E-8734-A20AD492BDA5}.Release|x86.Build.0 = Release|Any CPU
		{3465A40B-A1CF-45BE-AF17-03432D89E901}.Debug|Any CPU.ActiveCfg = Debug|Any CPU
		{3465A40B-A1CF-45BE-AF17-03432D89E901}.Debug|Any CPU.Build.0 = Debug|Any CPU
		{3465A40B-A1CF-45BE-AF17-03432D89E901}.Debug|x64.ActiveCfg = Debug|Any CPU
		{3465A40B-A1CF-45BE-AF17-03432D89E901}.Debug|x64.Build.0 = Debug|Any CPU
		{3465A40B-A1CF-45BE-AF17-03432D89E901}.Debug|x86.ActiveCfg = Debug|Any CPU
		{3465A40B-A1CF-45BE-AF17-03432D89E901}.Debug|x86.Build.0 = Debug|Any CPU
		{3465A40B-A1CF-45BE-AF17-03432D89E901}.Release|Any CPU.ActiveCfg = Release|Any CPU
		{3465A40B-A1CF-45BE-AF17-03432D89E901}.Release|Any CPU.Build.0 = Release|Any CPU
		{3465A40B-A1CF-45BE-AF17-03432D89E901}.Release|x64.ActiveCfg = Release|Any CPU
		{3465A40B-A1CF-45BE-AF17-03432D89E901}.Release|x64.Build.0 = Release|Any CPU
		{3465A40B-A1CF-45BE-AF17-03432D89E901}.Release|x86.ActiveCfg = Release|Any CPU
		{3465A40B-A1CF-45BE-AF17-03432D89E901}.Release|x86.Build.0 = Release|Any CPU
		{7C2D2D8B-7F3F-4D70-88D7-2D9A2C6B1E58}.Debug|Any CPU.ActiveCfg = Debug|Any CPU
		{7C2D2D8B-7F3F-4D70-88D7-2D9A2C6B1E58}.Debug|Any CPU.Build.0 = Debug|Any CPU
		{7C2D2D8B-7F3F-4D70-88D7-2D9A2C6B1E58}.Debug|x64.ActiveCfg = Debug|Any CPU
		{7C2D2D8B-7F3F-4D70-88D7-2D9A2C6B1E58}.Debug|x64.Build.0 = Debug|Any CPU
		{7C2D2D8B-7F3F-4D70-88D7-2D9A2C6B1E58}.Debug|x86.ActiveCfg = Debug|Any CPU
		{7C2D2D8B-7F3F-4D70-88D7-2D9A2C6B1E58}.Debug|x86.Build.0 = Debug|Any CPU
		{7C2D2D8B-7F3F-4D70-88D7-2D9A2C6B1E58}.Release|Any CPU.ActiveCfg = Release|Any CPU
		{7C2D2D8B-7F3F-4D70-88D7-2D9A2C6B1E58}.Release|Any CPU.Build.0 = Release|Any CPU
		{7C2D2D8B-7F3F-4D70-88D7-2D9A2C6B1E58}.Release|x64.ActiveCfg = Release|Any CPU
		{7C2D2D8B-7F3F-4D70-88D7-2D9A2C6B1E58}.Release|x64.Build.0 = Release|Any CPU
		{7C2D2D8B-7F3F-4D70-88D7-2D9A2C6B1E58}.Release|x86.ActiveCfg = Release|Any CPU
		{7C2D2D8B-7F3F-4D70-88D7-2D9A2C6B1E58}.Release|x86.Build.0 = Release|Any CPU
		{26EDEF62-710A-446C-8879-0DFA0CBDE2F9}.Debug|Any CPU.ActiveCfg = Debug|Any CPU
		{26EDEF62-710A-446C-8879-0DFA0CBDE2F9}.Debug|Any CPU.Build.0 = Debug|Any CPU
		{26EDEF62-710A-446C-8879-0DFA0CBDE2F9}.Debug|x64.ActiveCfg = Debug|Any CPU
		{26EDEF62-710A-446C-8879-0DFA0CBDE2F9}.Debug|x64.Build.0 = Debug|Any CPU
		{26EDEF62-710A-446C-8879-0DFA0CBDE2F9}.Debug|x86.ActiveCfg = Debug|Any CPU
		{26EDEF62-710A-446C-8879-0DFA0CBDE2F9}.Debug|x86.Build.0 = Debug|Any CPU
		{26EDEF62-710A-446C-8879-0DFA0CBDE2F9}.Release|Any CPU.ActiveCfg = Release|Any CPU
		{26EDEF62-710A-446C-8879-0DFA0CBDE2F9}.Release|Any CPU.Build.0 = Release|Any CPU
		{26EDEF62-710A-446C-8879-0DFA0CBDE2F9}.Release|x64.ActiveCfg = Release|Any CPU
		{26EDEF62-710A-446C-8879-0DFA0CBDE2F9}.Release|x64.Build.0 = Release|Any CPU
		{26EDEF62-710A-446C-8879-0DFA0CBDE2F9}.Release|x86.ActiveCfg = Release|Any CPU
		{26EDEF62-710A-446C-8879-0DFA0CBDE2F9}.Release|x86.Build.0 = Release|Any CPU
		{F97820B5-B939-4409-8669-2F2C2413AEF1}.Debug|Any CPU.ActiveCfg = Debug|Any CPU
		{F97820B5-B939-4409-8669-2F2C2413AEF1}.Debug|Any CPU.Build.0 = Debug|Any CPU
		{F97820B5-B939-4409-8669-2F2C2413AEF1}.Debug|x64.ActiveCfg = Debug|Any CPU
		{F97820B5-B939-4409-8669-2F2C2413AEF1}.Debug|x64.Build.0 = Debug|Any CPU
		{F97820B5-B939-4409-8669-2F2C2413AEF1}.Debug|x86.ActiveCfg = Debug|Any CPU
		{F97820B5-B939-4409-8669-2F2C2413AEF1}.Debug|x86.Build.0 = Debug|Any CPU
		{F97820B5-B939-4409-8669-2F2C2413AEF1}.Release|Any CPU.ActiveCfg = Release|Any CPU
		{F97820B5-B939-4409-8669-2F2C2413AEF1}.Release|Any CPU.Build.0 = Release|Any CPU
		{F97820B5-B939-4409-8669-2F2C2413AEF1}.Release|x64.ActiveCfg = Release|Any CPU
		{F97820B5-B939-4409-8669-2F2C2413AEF1}.Release|x64.Build.0 = Release|Any CPU
		{F97820B5-B939-4409-8669-2F2C2413AEF1}.Release|x86.ActiveCfg = Release|Any CPU
		{F97820B5-B939-4409-8669-2F2C2413AEF1}.Release|x86.Build.0 = Release|Any CPU
		{5D4DAA5F-3ED2-4FC2-A93D-2F5D9CB2E6A4}.Debug|Any CPU.ActiveCfg = Debug|Any CPU
		{5D4DAA5F-3ED2-4FC2-A93D-2F5D9CB2E6A4}.Debug|Any CPU.Build.0 = Debug|Any CPU
		{5D4DAA5F-3ED2-4FC2-A93D-2F5D9CB2E6A4}.Debug|x64.ActiveCfg = Debug|Any CPU
		{5D4DAA5F-3ED2-4FC2-A93D-2F5D9CB2E6A4}.Debug|x64.Build.0 = Debug|Any CPU
		{5D4DAA5F-3ED2-4FC2-A93D-2F5D9CB2E6A4}.Debug|x86.ActiveCfg = Debug|Any CPU
		{5D4DAA5F-3ED2-4FC2-A93D-2F5D9CB2E6A4}.Debug|x86.Build.0 = Debug|Any CPU
		{5D4DAA5F-3ED2-4FC2-A93D-2F5D9CB2E6A4}.Release|Any CPU.ActiveCfg = Release|Any CPU
		{5D4DAA5F-3ED2-4FC2-A93D-2F5D9CB2E6A4}.Release|Any CPU.Build.0 = Release|Any CPU
		{5D4DAA5F-3ED2-4FC2-A93D-2F5D9CB2E6A4}.Release|x64.ActiveCfg = Release|Any CPU
		{5D4DAA5F-3ED2-4FC2-A93D-2F5D9CB2E6A4}.Release|x64.Build.0 = Release|Any CPU
		{5D4DAA5F-3ED2-4FC2-A93D-2F5D9CB2E6A4}.Release|x86.ActiveCfg = Release|Any CPU
		{5D4DAA5F-3ED2-4FC2-A93D-2F5D9CB2E6A4}.Release|x86.Build.0 = Release|Any CPU
		{A9F3C6D2-5A11-4C47-8C18-2ED5B2A4F2A0}.Debug|Any CPU.ActiveCfg = Debug|Any CPU
		{A9F3C6D2-5A11-4C47-8C18-2ED5B2A4F2A0}.Debug|Any CPU.Build.0 = Debug|Any CPU
		{A9F3C6D2-5A11-4C47-8C18-2ED5B2A4F2A0}.Debug|x64.ActiveCfg = Debug|Any CPU
		{A9F3C6D2-5A11-4C47-8C18-2ED5B2A4F2A0}.Debug|x64.Build.0 = Debug|Any CPU
		{A9F3C6D2-5A11-4C47-8C18-2ED5B2A4F2A0}.Debug|x86.ActiveCfg = Debug|Any CPU
		{A9F3C6D2-5A11-4C47-8C18-2ED5B2A4F2A0}.Debug|x86.Build.0 = Debug|Any CPU
		{A9F3C6D2-5A11-4C47-8C18-2ED5B2A4F2A0}.Release|Any CPU.ActiveCfg = Release|Any CPU
		{A9F3C6D2-5A11-4C47-8C18-2ED5B2A4F2A0}.Release|Any CPU.Build.0 = Release|Any CPU
		{A9F3C6D2-5A11-4C47-8C18-2ED5B2A4F2A0}.Release|x64.ActiveCfg = Release|Any CPU
		{A9F3C6D2-5A11-4C47-8C18-2ED5B2A4F2A0}.Release|x64.Build.0 = Release|Any CPU
		{A9F3C6D2-5A11-4C47-8C18-2ED5B2A4F2A0}.Release|x86.ActiveCfg = Release|Any CPU
		{A9F3C6D2-5A11-4C47-8C18-2ED5B2A4F2A0}.Release|x86.Build.0 = Release|Any CPU
		{1C2E2D5A-8B14-4B88-8D7F-56E1B8A1D4F3}.Debug|Any CPU.ActiveCfg = Debug|Any CPU
		{1C2E2D5A-8B14-4B88-8D7F-56E1B8A1D4F3}.Debug|Any CPU.Build.0 = Debug|Any CPU
		{1C2E2D5A-8B14-4B88-8D7F-56E1B8A1D4F3}.Debug|x64.ActiveCfg = Debug|Any CPU
		{1C2E2D5A-8B14-4B88-8D7F-56E1B8A1D4F3}.Debug|x64.Build.0 = Debug|Any CPU
		{1C2E2D5A-8B14-4B88-8D7F-56E1B8A1D4F3}.Debug|x86.ActiveCfg = Debug|Any CPU
		{1C2E2D5A-8B14-4B88-8D7F-56E1B8A1D4F3}.Debug|x86.Build.0 = Debug|Any CPU
		{1C2E2D5A-8B14-4B88-8D7F-56E1B8A1D4F3}.Release|Any CPU.ActiveCfg = Release|Any CPU
		{1C2E2D5A-8B14-4B88-8D7F-56E1B8A1D4F3}.Release|Any CPU.Build.0 = Release|Any CPU
		{1C2E2D5A-8B14-4B88-8D7F-56E1B8A1D4F3}.Release|x64.ActiveCfg = Release|Any CPU
		{1C2E2D5A-8B14-4B88-8D7F-56E1B8A1D4F3}.Release|x64.Build.0 = Release|Any CPU
		{1C2E2D5A-8B14-4B88-8D7F-56E1B8A1D4F3}.Release|x86.ActiveCfg = Release|Any CPU
		{1C2E2D5A-8B14-4B88-8D7F-56E1B8A1D4F3}.Release|x86.Build.0 = Release|Any CPU
		{C6C4E1B6-1234-4D7B-9C77-6A4A1F9E3C42}.Debug|Any CPU.ActiveCfg = Debug|Any CPU
		{C6C4E1B6-1234-4D7B-9C77-6A4A1F9E3C42}.Debug|Any CPU.Build.0 = Debug|Any CPU
		{C6C4E1B6-1234-4D7B-9C77-6A4A1F9E3C42}.Debug|x64.ActiveCfg = Debug|Any CPU
		{C6C4E1B6-1234-4D7B-9C77-6A4A1F9E3C42}.Debug|x64.Build.0 = Debug|Any CPU
		{C6C4E1B6-1234-4D7B-9C77-6A4A1F9E3C42}.Debug|x86.ActiveCfg = Debug|Any CPU
		{C6C4E1B6-1234-4D7B-9C77-6A4A1F9E3C42}.Debug|x86.Build.0 = Debug|Any CPU
		{C6C4E1B6-1234-4D7B-9C77-6A4A1F9E3C42}.Release|Any CPU.ActiveCfg = Release|Any CPU
		{C6C4E1B6-1234-4D7B-9C77-6A4A1F9E3C42}.Release|Any CPU.Build.0 = Release|Any CPU
		{C6C4E1B6-1234-4D7B-9C77-6A4A1F9E3C42}.Release|x64.ActiveCfg = Release|Any CPU
		{C6C4E1B6-1234-4D7B-9C77-6A4A1F9E3C42}.Release|x64.Build.0 = Release|Any CPU
		{C6C4E1B6-1234-4D7B-9C77-6A4A1F9E3C42}.Release|x86.ActiveCfg = Release|Any CPU
		{C6C4E1B6-1234-4D7B-9C77-6A4A1F9E3C42}.Release|x86.Build.0 = Release|Any CPU
		{E7172412-34EB-4AE2-95B6-59EF54B368D0}.Debug|Any CPU.ActiveCfg = Debug|Any CPU
		{E7172412-34EB-4AE2-95B6-59EF54B368D0}.Debug|Any CPU.Build.0 = Debug|Any CPU
		{E7172412-34EB-4AE2-95B6-59EF54B368D0}.Debug|x64.ActiveCfg = Debug|Any CPU
		{E7172412-34EB-4AE2-95B6-59EF54B368D0}.Debug|x64.Build.0 = Debug|Any CPU
		{E7172412-34EB-4AE2-95B6-59EF54B368D0}.Debug|x86.ActiveCfg = Debug|Any CPU
		{E7172412-34EB-4AE2-95B6-59EF54B368D0}.Debug|x86.Build.0 = Debug|Any CPU
		{E7172412-34EB-4AE2-95B6-59EF54B368D0}.Release|Any CPU.ActiveCfg = Release|Any CPU
		{E7172412-34EB-4AE2-95B6-59EF54B368D0}.Release|Any CPU.Build.0 = Release|Any CPU
		{E7172412-34EB-4AE2-95B6-59EF54B368D0}.Release|x64.ActiveCfg = Release|Any CPU
		{E7172412-34EB-4AE2-95B6-59EF54B368D0}.Release|x64.Build.0 = Release|Any CPU
		{E7172412-34EB-4AE2-95B6-59EF54B368D0}.Release|x86.ActiveCfg = Release|Any CPU
		{E7172412-34EB-4AE2-95B6-59EF54B368D0}.Release|x86.Build.0 = Release|Any CPU
		{B5A2E0D1-9D1E-4E7E-8D5F-0C4EE0C2E3A9}.Debug|Any CPU.ActiveCfg = Debug|Any CPU
		{B5A2E0D1-9D1E-4E7E-8D5F-0C4EE0C2E3A9}.Debug|Any CPU.Build.0 = Debug|Any CPU
		{B5A2E0D1-9D1E-4E7E-8D5F-0C4EE0C2E3A9}.Debug|x64.ActiveCfg = Debug|Any CPU
		{B5A2E0D1-9D1E-4E7E-8D5F-0C4EE0C2E3A9}.Debug|x64.Build.0 = Debug|Any CPU
		{B5A2E0D1-9D1E-4E7E-8D5F-0C4EE0C2E3A9}.Debug|x86.ActiveCfg = Debug|Any CPU
		{B5A2E0D1-9D1E-4E7E-8D5F-0C4EE0C2E3A9}.Debug|x86.Build.0 = Debug|Any CPU
		{B5A2E0D1-9D1E-4E7E-8D5F-0C4EE0C2E3A9}.Release|Any CPU.ActiveCfg = Release|Any CPU
		{B5A2E0D1-9D1E-4E7E-8D5F-0C4EE0C2E3A9}.Release|Any CPU.Build.0 = Release|Any CPU
		{B5A2E0D1-9D1E-4E7E-8D5F-0C4EE0C2E3A9}.Release|x64.ActiveCfg = Release|Any CPU
		{B5A2E0D1-9D1E-4E7E-8D5F-0C4EE0C2E3A9}.Release|x64.Build.0 = Release|Any CPU
		{B5A2E0D1-9D1E-4E7E-8D5F-0C4EE0C2E3A9}.Release|x86.ActiveCfg = Release|Any CPU
		{B5A2E0D1-9D1E-4E7E-8D5F-0C4EE0C2E3A9}.Release|x86.Build.0 = Release|Any CPU
		{44A3B520-9AD0-4565-AA31-F1055CFBC69B}.Debug|Any CPU.ActiveCfg = Debug|Any CPU
		{44A3B520-9AD0-4565-AA31-F1055CFBC69B}.Debug|Any CPU.Build.0 = Debug|Any CPU
		{44A3B520-9AD0-4565-AA31-F1055CFBC69B}.Debug|x64.ActiveCfg = Debug|Any CPU
		{44A3B520-9AD0-4565-AA31-F1055CFBC69B}.Debug|x64.Build.0 = Debug|Any CPU
		{44A3B520-9AD0-4565-AA31-F1055CFBC69B}.Debug|x86.ActiveCfg = Debug|Any CPU
		{44A3B520-9AD0-4565-AA31-F1055CFBC69B}.Debug|x86.Build.0 = Debug|Any CPU
		{44A3B520-9AD0-4565-AA31-F1055CFBC69B}.Release|Any CPU.ActiveCfg = Release|Any CPU
		{44A3B520-9AD0-4565-AA31-F1055CFBC69B}.Release|Any CPU.Build.0 = Release|Any CPU
		{44A3B520-9AD0-4565-AA31-F1055CFBC69B}.Release|x64.ActiveCfg = Release|Any CPU
		{44A3B520-9AD0-4565-AA31-F1055CFBC69B}.Release|x64.Build.0 = Release|Any CPU
		{44A3B520-9AD0-4565-AA31-F1055CFBC69B}.Release|x86.ActiveCfg = Release|Any CPU
		{44A3B520-9AD0-4565-AA31-F1055CFBC69B}.Release|x86.Build.0 = Release|Any CPU
		{E8B5F1C3-2D4A-4E6B-9C5D-8F7A3B2E1D9A}.Debug|Any CPU.ActiveCfg = Debug|Any CPU
		{E8B5F1C3-2D4A-4E6B-9C5D-8F7A3B2E1D9A}.Debug|Any CPU.Build.0 = Debug|Any CPU
		{E8B5F1C3-2D4A-4E6B-9C5D-8F7A3B2E1D9A}.Debug|x64.ActiveCfg = Debug|Any CPU
		{E8B5F1C3-2D4A-4E6B-9C5D-8F7A3B2E1D9A}.Debug|x64.Build.0 = Debug|Any CPU
		{E8B5F1C3-2D4A-4E6B-9C5D-8F7A3B2E1D9A}.Debug|x86.ActiveCfg = Debug|Any CPU
		{E8B5F1C3-2D4A-4E6B-9C5D-8F7A3B2E1D9A}.Debug|x86.Build.0 = Debug|Any CPU
		{E8B5F1C3-2D4A-4E6B-9C5D-8F7A3B2E1D9A}.Release|Any CPU.ActiveCfg = Release|Any CPU
		{E8B5F1C3-2D4A-4E6B-9C5D-8F7A3B2E1D9A}.Release|Any CPU.Build.0 = Release|Any CPU
		{E8B5F1C3-2D4A-4E6B-9C5D-8F7A3B2E1D9A}.Release|x64.ActiveCfg = Release|Any CPU
		{E8B5F1C3-2D4A-4E6B-9C5D-8F7A3B2E1D9A}.Release|x64.Build.0 = Release|Any CPU
		{E8B5F1C3-2D4A-4E6B-9C5D-8F7A3B2E1D9A}.Release|x86.ActiveCfg = Release|Any CPU
		{E8B5F1C3-2D4A-4E6B-9C5D-8F7A3B2E1D9A}.Release|x86.Build.0 = Release|Any CPU
	EndGlobalSection
	GlobalSection(SolutionProperties) = preSolution
		HideSolutionNode = FALSE
	EndGlobalSection
	GlobalSection(NestedProjects) = preSolution
		{6294C228-E2D1-4BFE-AC21-2B72B284A5B6} = {827E0CD3-B72D-47B6-A68D-7590B98EB39B}
		{AB68EC92-0F1F-4027-AEB5-A1033612346A} = {827E0CD3-B72D-47B6-A68D-7590B98EB39B}
		{AF18019C-851C-4D2E-8734-A20AD492BDA5} = {827E0CD3-B72D-47B6-A68D-7590B98EB39B}
		{3465A40B-A1CF-45BE-AF17-03432D89E901} = {827E0CD3-B72D-47B6-A68D-7590B98EB39B}
		{7C2D2D8B-7F3F-4D70-88D7-2D9A2C6B1E58} = {827E0CD3-B72D-47B6-A68D-7590B98EB39B}
		{26EDEF62-710A-446C-8879-0DFA0CBDE2F9} = {827E0CD3-B72D-47B6-A68D-7590B98EB39B}
		{F97820B5-B939-4409-8669-2F2C2413AEF1} = {827E0CD3-B72D-47B6-A68D-7590B98EB39B}
		{5D4DAA5F-3ED2-4FC2-A93D-2F5D9CB2E6A4} = {827E0CD3-B72D-47B6-A68D-7590B98EB39B}
		{A9F3C6D2-5A11-4C47-8C18-2ED5B2A4F2A0} = {827E0CD3-B72D-47B6-A68D-7590B98EB39B}
		{1C2E2D5A-8B14-4B88-8D7F-56E1B8A1D4F3} = {827E0CD3-B72D-47B6-A68D-7590B98EB39B}
		{C6C4E1B6-1234-4D7B-9C77-6A4A1F9E3C42} = {827E0CD3-B72D-47B6-A68D-7590B98EB39B}
		{E7172412-34EB-4AE2-95B6-59EF54B368D0} = {0AB3BF05-4346-4AA6-1389-037BE0695223}
		{B5A2E0D1-9D1E-4E7E-8D5F-0C4EE0C2E3A9} = {0AB3BF05-4346-4AA6-1389-037BE0695223}
		{44A3B520-9AD0-4565-AA31-F1055CFBC69B} = {827E0CD3-B72D-47B6-A68D-7590B98EB39B}
		{E8B5F1C3-2D4A-4E6B-9C5D-8F7A3B2E1D9A} = {827E0CD3-B72D-47B6-A68D-7590B98EB39B}
	EndGlobalSection
EndGlobal
